{
  "markbot": "79cc2d406bf382f6d114c1fe63b3997e8bb860b0e8853a0fe853b03d4313d6f4",
  "markbotignore": "030a4e6e1b3b6b510514a7ae54576e2c2ef762d56236c6414ef634955d96a126",
  "css/modules.css": "8a1ba27ffb3bd425520fe9f6e9353ba5c360d9b8f70214b0e0173359a538d415",
  "css/type.css": "6ef904959201c3834a5bf5a7b5b33c9096ca9e2586d1b11844a1ee916d64f301",
  "index-print.png": "35df8c6b5c46a58bc8851013372176eb5c0b94a716e929bcf94f1e2d60894335",
  "index-nav-focus-650.png": "14cd47eca986bd2ab5991708378665766fef071e803edaa4e03c8db3fcfee047"
}